
Microsoft Visual Studio Solution File, Format Version 12.00
# Visual Studio 15
Project("{FAE04EC0-301F-11D3-BF4B-00C04F79EFBC}") = "Unity3d_Restful_service", "Unity3d_Restful_service\Unity3d_Restful_service.csproj", "{67724CEF-A132-4E2B-BBA5-5296D8595A6B}"
EndProject
Global
	GlobalSection(SolutionConfigurationPlatforms) = preSolution
		Debug|Any CPU = Debug|Any CPU
		Release|Any CPU = Release|Any CPU
	EndGlobalSection
	GlobalSection(ProjectConfigurationPlatforms) = postSolution
		{67724CEF-A132-4E2B-BBA5-5296D8595A6B}.Debug|Any CPU.ActiveCfg = Debug|Any CPU
		{67724CEF-A132-4E2B-BBA5-5296D8595A6B}.Debug|Any CPU.Build.0 = Debug|Any CPU
		{67724CEF-A132-4E2B-BBA5-5296D8595A6B}.Release|Any CPU.ActiveCfg = Release|Any CPU
		{67724CEF-A132-4E2B-BBA5-5296D8595A6B}.Release|Any CPU.Build.0 = Release|Any CPU
	EndGlobalSection
EndGlobal
